
Microsoft Visual Studio Solution File, Format Version 12.00
# Visual Studio 14
VisualStudioVersion = 14.0.24720.0
MinimumVisualStudioVersion = 10.0.40219.1
Project("{2150E333-8FDC-42A3-9474-1A3956D46DE8}") = "1 - Services", "1 - Services", "{63046402-7D27-4103-A236-DDAC61914F61}"
EndProject
Project("{2150E333-8FDC-42A3-9474-1A3956D46DE8}") = "2 - Application", "2 - Application", "{C675AA0A-6345-46A3-B3E4-06AF48A49062}"
EndProject
Project("{2150E333-8FDC-42A3-9474-1A3956D46DE8}") = "3 - Domain", "3 - Domain", "{3A0AAF6B-7C59-4A2E-8CE6-CA50443B4EEC}"
EndProject
Project("{2150E333-8FDC-42A3-9474-1A3956D46DE8}") = "4 - Infra", "4 - Infra", "{6DA7F884-6BB7-433A-B01A-95A4200043BA}"
EndProject
Project("{2150E333-8FDC-42A3-9474-1A3956D46DE8}") = "4.1 - Data", "4.1 - Data", "{7228C43E-F84E-42D3-8050-29401E0068B8}"
EndProject
Project("{2150E333-8FDC-42A3-9474-1A3956D46DE8}") = "4.2 - CrossCutting", "4.2 - CrossCutting", "{9314FAF7-0529-4D97-B36D-A7782E24A70E}"
EndProject
Project("{FAE04EC0-301F-11D3-BF4B-00C04F79EFBC}") = "ProjLoja.Domain", "ProjLoja.Domain\ProjLoja.Domain.csproj", "{0A261666-56D2-4E42-9A8B-F317A7AEF060}"
EndProject
Project("{2150E333-8FDC-42A3-9474-1A3956D46DE8}") = "0 - Loja", "0 - Loja", "{D31BC2EE-46F6-4861-BCAB-CC1D74A2C615}"
EndProject
Project("{FAE04EC0-301F-11D3-BF4B-00C04F79EFBC}") = "ProjetoLoja", "ProjetoLoja\ProjetoLoja.csproj", "{631D71AE-982E-4653-B0EB-72DF2510C323}"
EndProject
Project("{FAE04EC0-301F-11D3-BF4B-00C04F79EFBC}") = "ProjetoLoja.Infra.Data", "ProjetoLoja.Infra.Data\ProjetoLoja.Infra.Data.csproj", "{0035461B-3E45-444D-A479-086FEB991D5B}"
EndProject
Global
	GlobalSection(SolutionConfigurationPlatforms) = preSolution
		Debug|Any CPU = Debug|Any CPU
		Release|Any CPU = Release|Any CPU
	EndGlobalSection
	GlobalSection(ProjectConfigurationPlatforms) = postSolution
		{0A261666-56D2-4E42-9A8B-F317A7AEF060}.Debug|Any CPU.ActiveCfg = Debug|Any CPU
		{0A261666-56D2-4E42-9A8B-F317A7AEF060}.Debug|Any CPU.Build.0 = Debug|Any CPU
		{0A261666-56D2-4E42-9A8B-F317A7AEF060}.Release|Any CPU.ActiveCfg = Release|Any CPU
		{0A261666-56D2-4E42-9A8B-F317A7AEF060}.Release|Any CPU.Build.0 = Release|Any CPU
		{631D71AE-982E-4653-B0EB-72DF2510C323}.Debug|Any CPU.ActiveCfg = Debug|Any CPU
		{631D71AE-982E-4653-B0EB-72DF2510C323}.Debug|Any CPU.Build.0 = Debug|Any CPU
		{631D71AE-982E-4653-B0EB-72DF2510C323}.Release|Any CPU.ActiveCfg = Release|Any CPU
		{631D71AE-982E-4653-B0EB-72DF2510C323}.Release|Any CPU.Build.0 = Release|Any CPU
		{0035461B-3E45-444D-A479-086FEB991D5B}.Debug|Any CPU.ActiveCfg = Debug|Any CPU
		{0035461B-3E45-444D-A479-086FEB991D5B}.Debug|Any CPU.Build.0 = Debug|Any CPU
		{0035461B-3E45-444D-A479-086FEB991D5B}.Release|Any CPU.ActiveCfg = Release|Any CPU
		{0035461B-3E45-444D-A479-086FEB991D5B}.Release|Any CPU.Build.0 = Release|Any CPU
	EndGlobalSection
	GlobalSection(SolutionProperties) = preSolution
		HideSolutionNode = FALSE
	EndGlobalSection
	GlobalSection(NestedProjects) = preSolution
		{7228C43E-F84E-42D3-8050-29401E0068B8} = {6DA7F884-6BB7-433A-B01A-95A4200043BA}
		{9314FAF7-0529-4D97-B36D-A7782E24A70E} = {6DA7F884-6BB7-433A-B01A-95A4200043BA}
		{0A261666-56D2-4E42-9A8B-F317A7AEF060} = {3A0AAF6B-7C59-4A2E-8CE6-CA50443B4EEC}
		{631D71AE-982E-4653-B0EB-72DF2510C323} = {D31BC2EE-46F6-4861-BCAB-CC1D74A2C615}
		{0035461B-3E45-444D-A479-086FEB991D5B} = {7228C43E-F84E-42D3-8050-29401E0068B8}
	EndGlobalSection
EndGlobal
